// !$*UTF8*$!
{
	archiveVersion = 1;
	classes = {
	};
	objectVersion = 56;
	objects = {

/* Begin PBXBuildFile section */
		BB2E4720296AD9BB00BB219B /* MainView.swift in Sources */ = {isa = PBXBuildFile; fileRef = BB2E471F296AD9BB00BB219B /* MainView.swift */; };
		BB2E4723296ADB0E00BB219B /* Groups.swift in Sources */ = {isa = PBXBuildFile; fileRef = BB2E4722296ADB0E00BB219B /* Groups.swift */; };
		BB2E4726296ADB9400BB219B /* Message.swift in Sources */ = {isa = PBXBuildFile; fileRef = BB2E4725296ADB9400BB219B /* Message.swift */; };
		BB2E4729296AF97300BB219B /* NetworkService.swift in Sources */ = {isa = PBXBuildFile; fileRef = BB2E4728296AF97300BB219B /* NetworkService.swift */; };
		BB2E472B296AFACD00BB219B /* NetworkMethods.swift in Sources */ = {isa = PBXBuildFile; fileRef = BB2E472A296AFACD00BB219B /* NetworkMethods.swift */; };
		BB2E4730296AFC4200BB219B /* LoginModel.swift in Sources */ = {isa = PBXBuildFile; fileRef = BB2E472F296AFC4200BB219B /* LoginModel.swift */; };
		BB2E473329729BF400BB219B /* Friends.swift in Sources */ = {isa = PBXBuildFile; fileRef = BB2E473229729BF400BB219B /* Friends.swift */; };
		BB2E473729729E4E00BB219B /* WebView.swift in Sources */ = {isa = PBXBuildFile; fileRef = BB2E473629729E4E00BB219B /* WebView.swift */; };
		BB2E473A2972A1C400BB219B /* WebLogin.swift in Sources */ = {isa = PBXBuildFile; fileRef = BB2E47392972A1C400BB219B /* WebLogin.swift */; };
		BB2E473D2972AD6F00BB219B /* Session.swift in Sources */ = {isa = PBXBuildFile; fileRef = BB2E473C2972AD6F00BB219B /* Session.swift */; };
		BB2E473F2972B2A000BB219B /* WebViewCoordinator.swift in Sources */ = {isa = PBXBuildFile; fileRef = BB2E473E2972B2A000BB219B /* WebViewCoordinator.swift */; };
		BB2E474D297BD71100BB219B /* ListCell.swift in Sources */ = {isa = PBXBuildFile; fileRef = BB2E474C297BD71100BB219B /* ListCell.swift */; };
		BB2E47562986783A00BB219B /* NavigationBar.swift in Sources */ = {isa = PBXBuildFile; fileRef = BB2E47552986783A00BB219B /* NavigationBar.swift */; };
		BB2E475929867AD500BB219B /* TabBar.swift in Sources */ = {isa = PBXBuildFile; fileRef = BB2E475829867AD500BB219B /* TabBar.swift */; };
		BB2E475E2986C32500BB219B /* GroupsViewModel.swift in Sources */ = {isa = PBXBuildFile; fileRef = BB2E475D2986C32500BB219B /* GroupsViewModel.swift */; };
		BB2E47602986C5CC00BB219B /* GroupsJSONModel.swift in Sources */ = {isa = PBXBuildFile; fileRef = BB2E475F2986C5CC00BB219B /* GroupsJSONModel.swift */; };
		BB2E476C298F971600BB219B /* GroupsDetailView.swift in Sources */ = {isa = PBXBuildFile; fileRef = BB2E476B298F971600BB219B /* GroupsDetailView.swift */; };
		BB2E476E298FBC6F00BB219B /* FriendsJSONModel.swift in Sources */ = {isa = PBXBuildFile; fileRef = BB2E476D298FBC6F00BB219B /* FriendsJSONModel.swift */; };
		BB2E4770298FC07B00BB219B /* FriendsViewModel.swift in Sources */ = {isa = PBXBuildFile; fileRef = BB2E476F298FC07B00BB219B /* FriendsViewModel.swift */; };
		BB782A59298FCE5E00BC676B /* FriendsDetailView.swift in Sources */ = {isa = PBXBuildFile; fileRef = BB782A58298FCE5E00BC676B /* FriendsDetailView.swift */; };
		BB782A5B298FE43500BC676B /* PhotoCollectionView.swift in Sources */ = {isa = PBXBuildFile; fileRef = BB782A5A298FE43500BC676B /* PhotoCollectionView.swift */; };
		BBC80D2C29156AC400B4040B /* Modifiers.swift in Sources */ = {isa = PBXBuildFile; fileRef = BBC80D2B29156AC400B4040B /* Modifiers.swift */; };
		BBC80D2F2916543600B4040B /* Feed.swift in Sources */ = {isa = PBXBuildFile; fileRef = BBC80D2E2916543600B4040B /* Feed.swift */; };
		BBDF0007291513C6002D2A69 /* SuperVKApp.swift in Sources */ = {isa = PBXBuildFile; fileRef = BBDF0006291513C6002D2A69 /* SuperVKApp.swift */; };
		BBDF0009291513C6002D2A69 /* Login.swift in Sources */ = {isa = PBXBuildFile; fileRef = BBDF0008291513C6002D2A69 /* Login.swift */; };
		BBDF000B291513C7002D2A69 /* Assets.xcassets in Resources */ = {isa = PBXBuildFile; fileRef = BBDF000A291513C7002D2A69 /* Assets.xcassets */; };
		BBDF000E291513C7002D2A69 /* Preview Assets.xcassets in Resources */ = {isa = PBXBuildFile; fileRef = BBDF000D291513C7002D2A69 /* Preview Assets.xcassets */; };
/* End PBXBuildFile section */

/* Begin PBXFileReference section */
		BB2E471F296AD9BB00BB219B /* MainView.swift */ = {isa = PBXFileReference; lastKnownFileType = sourcecode.swift; path = MainView.swift; sourceTree = "<group>"; };
		BB2E4722296ADB0E00BB219B /* Groups.swift */ = {isa = PBXFileReference; lastKnownFileType = sourcecode.swift; path = Groups.swift; sourceTree = "<group>"; };
		BB2E4725296ADB9400BB219B /* Message.swift */ = {isa = PBXFileReference; lastKnownFileType = sourcecode.swift; path = Message.swift; sourceTree = "<group>"; };
		BB2E4728296AF97300BB219B /* NetworkService.swift */ = {isa = PBXFileReference; lastKnownFileType = sourcecode.swift; path = NetworkService.swift; sourceTree = "<group>"; };
		BB2E472A296AFACD00BB219B /* NetworkMethods.swift */ = {isa = PBXFileReference; lastKnownFileType = sourcecode.swift; path = NetworkMethods.swift; sourceTree = "<group>"; };
		BB2E472F296AFC4200BB219B /* LoginModel.swift */ = {isa = PBXFileReference; lastKnownFileType = sourcecode.swift; path = LoginModel.swift; sourceTree = "<group>"; };
		BB2E473229729BF400BB219B /* Friends.swift */ = {isa = PBXFileReference; lastKnownFileType = sourcecode.swift; path = Friends.swift; sourceTree = "<group>"; };
		BB2E473629729E4E00BB219B /* WebView.swift */ = {isa = PBXFileReference; lastKnownFileType = sourcecode.swift; path = WebView.swift; sourceTree = "<group>"; };
		BB2E47392972A1C400BB219B /* WebLogin.swift */ = {isa = PBXFileReference; lastKnownFileType = sourcecode.swift; path = WebLogin.swift; sourceTree = "<group>"; };
		BB2E473C2972AD6F00BB219B /* Session.swift */ = {isa = PBXFileReference; lastKnownFileType = sourcecode.swift; path = Session.swift; sourceTree = "<group>"; };
		BB2E473E2972B2A000BB219B /* WebViewCoordinator.swift */ = {isa = PBXFileReference; lastKnownFileType = sourcecode.swift; path = WebViewCoordinator.swift; sourceTree = "<group>"; };
		BB2E474C297BD71100BB219B /* ListCell.swift */ = {isa = PBXFileReference; lastKnownFileType = sourcecode.swift; path = ListCell.swift; sourceTree = "<group>"; };
		BB2E47552986783A00BB219B /* NavigationBar.swift */ = {isa = PBXFileReference; lastKnownFileType = sourcecode.swift; path = NavigationBar.swift; sourceTree = "<group>"; };
		BB2E475829867AD500BB219B /* TabBar.swift */ = {isa = PBXFileReference; lastKnownFileType = sourcecode.swift; path = TabBar.swift; sourceTree = "<group>"; };
		BB2E475D2986C32500BB219B /* GroupsViewModel.swift */ = {isa = PBXFileReference; lastKnownFileType = sourcecode.swift; path = GroupsViewModel.swift; sourceTree = "<group>"; };
		BB2E475F2986C5CC00BB219B /* GroupsJSONModel.swift */ = {isa = PBXFileReference; lastKnownFileType = sourcecode.swift; path = GroupsJSONModel.swift; sourceTree = "<group>"; };
		BB2E476B298F971600BB219B /* GroupsDetailView.swift */ = {isa = PBXFileReference; lastKnownFileType = sourcecode.swift; path = GroupsDetailView.swift; sourceTree = "<group>"; };
		BB2E476D298FBC6F00BB219B /* FriendsJSONModel.swift */ = {isa = PBXFileReference; lastKnownFileType = sourcecode.swift; path = FriendsJSONModel.swift; sourceTree = "<group>"; };
		BB2E476F298FC07B00BB219B /* FriendsViewModel.swift */ = {isa = PBXFileReference; lastKnownFileType = sourcecode.swift; path = FriendsViewModel.swift; sourceTree = "<group>"; };
		BB782A58298FCE5E00BC676B /* FriendsDetailView.swift */ = {isa = PBXFileReference; lastKnownFileType = sourcecode.swift; path = FriendsDetailView.swift; sourceTree = "<group>"; };
		BB782A5A298FE43500BC676B /* PhotoCollectionView.swift */ = {isa = PBXFileReference; lastKnownFileType = sourcecode.swift; path = PhotoCollectionView.swift; sourceTree = "<group>"; };
		BBC80D2B29156AC400B4040B /* Modifiers.swift */ = {isa = PBXFileReference; lastKnownFileType = sourcecode.swift; path = Modifiers.swift; sourceTree = "<group>"; };
		BBC80D2E2916543600B4040B /* Feed.swift */ = {isa = PBXFileReference; lastKnownFileType = sourcecode.swift; path = Feed.swift; sourceTree = "<group>"; };
		BBDF0003291513C6002D2A69 /* SuperVK.app */ = {isa = PBXFileReference; explicitFileType = wrapper.application; includeInIndex = 0; path = SuperVK.app; sourceTree = BUILT_PRODUCTS_DIR; };
		BBDF0006291513C6002D2A69 /* SuperVKApp.swift */ = {isa = PBXFileReference; lastKnownFileType = sourcecode.swift; path = SuperVKApp.swift; sourceTree = "<group>"; };
		BBDF0008291513C6002D2A69 /* Login.swift */ = {isa = PBXFileReference; lastKnownFileType = sourcecode.swift; path = Login.swift; sourceTree = "<group>"; };
		BBDF000A291513C7002D2A69 /* Assets.xcassets */ = {isa = PBXFileReference; lastKnownFileType = folder.assetcatalog; path = Assets.xcassets; sourceTree = "<group>"; };
		BBDF000D291513C7002D2A69 /* Preview Assets.xcassets */ = {isa = PBXFileReference; lastKnownFileType = folder.assetcatalog; path = "Preview Assets.xcassets"; sourceTree = "<group>"; };
/* End PBXFileReference section */

/* Begin PBXFrameworksBuildPhase section */
		BBDF0000291513C6002D2A69 /* Frameworks */ = {
			isa = PBXFrameworksBuildPhase;
			buildActionMask = 2147483647;
			files = (
			);
			runOnlyForDeploymentPostprocessing = 0;
		};
/* End PBXFrameworksBuildPhase section */

/* Begin PBXGroup section */
		BB2E471E296AD9AB00BB219B /* MainView */ = {
			isa = PBXGroup;
			children = (
				BB2E471F296AD9BB00BB219B /* MainView.swift */,
			);
			path = MainView;
			sourceTree = "<group>";
		};
		BB2E4721296ADAFD00BB219B /* Groups */ = {
			isa = PBXGroup;
			children = (
				BB2E47482973FDF900BB219B /* Model */,
				BB2E474B2974132200BB219B /* View */,
			);
			path = Groups;
			sourceTree = "<group>";
		};
		BB2E4724296ADB7F00BB219B /* Message */ = {
			isa = PBXGroup;
			children = (
				BB2E4725296ADB9400BB219B /* Message.swift */,
			);
			path = Message;
			sourceTree = "<group>";
		};
		BB2E4727296AF93E00BB219B /* Services */ = {
			isa = PBXGroup;
			children = (
				BB2E4728296AF97300BB219B /* NetworkService.swift */,
				BB2E472A296AFACD00BB219B /* NetworkMethods.swift */,
			);
			path = Services;
			sourceTree = "<group>";
		};
		BB2E472C296AFBEA00BB219B /* View */ = {
			isa = PBXGroup;
			children = (
				BBDF0008291513C6002D2A69 /* Login.swift */,
				BB2E473629729E4E00BB219B /* WebView.swift */,
				BB2E47392972A1C400BB219B /* WebLogin.swift */,
			);
			path = View;
			sourceTree = "<group>";
		};
		BB2E472D296AFBF500BB219B /* Model */ = {
			isa = PBXGroup;
			children = (
				BBC80D2B29156AC400B4040B /* Modifiers.swift */,
				BB2E472F296AFC4200BB219B /* LoginModel.swift */,
				BB2E473E2972B2A000BB219B /* WebViewCoordinator.swift */,
			);
			path = Model;
			sourceTree = "<group>";
		};
		BB2E473129729BE300BB219B /* Friends */ = {
			isa = PBXGroup;
			children = (
				BB2E476229895DDC00BB219B /* Model */,
				BB2E476129895DD200BB219B /* View */,
			);
			path = Friends;
			sourceTree = "<group>";
		};
		BB2E473B2972AD5E00BB219B /* Session */ = {
			isa = PBXGroup;
			children = (
				BB2E473C2972AD6F00BB219B /* Session.swift */,
			);
			path = Session;
			sourceTree = "<group>";
		};
		BB2E47452973FA5D00BB219B /* Fundamental */ = {
			isa = PBXGroup;
			children = (
				BB2E474C297BD71100BB219B /* ListCell.swift */,
				BB782A5A298FE43500BC676B /* PhotoCollectionView.swift */,
			);
			path = Fundamental;
			sourceTree = "<group>";
		};
		BB2E47482973FDF900BB219B /* Model */ = {
			isa = PBXGroup;
			children = (
				BB2E475D2986C32500BB219B /* GroupsViewModel.swift */,
				BB2E475F2986C5CC00BB219B /* GroupsJSONModel.swift */,
			);
			path = Model;
			sourceTree = "<group>";
		};
		BB2E474B2974132200BB219B /* View */ = {
			isa = PBXGroup;
			children = (
				BB2E4722296ADB0E00BB219B /* Groups.swift */,
				BB2E476B298F971600BB219B /* GroupsDetailView.swift */,
			);
			path = View;
			sourceTree = "<group>";
		};
		BB2E47522986781A00BB219B /* NavigationBar */ = {
			isa = PBXGroup;
			children = (
				BB2E47552986783A00BB219B /* NavigationBar.swift */,
			);
			path = NavigationBar;
			sourceTree = "<group>";
		};
		BB2E475729867AC500BB219B /* TabBar */ = {
			isa = PBXGroup;
			children = (
				BB2E475829867AD500BB219B /* TabBar.swift */,
			);
			path = TabBar;
			sourceTree = "<group>";
		};
		BB2E476129895DD200BB219B /* View */ = {
			isa = PBXGroup;
			children = (
				BB2E473229729BF400BB219B /* Friends.swift */,
				BB782A58298FCE5E00BC676B /* FriendsDetailView.swift */,
			);
			path = View;
			sourceTree = "<group>";
		};
		BB2E476229895DDC00BB219B /* Model */ = {
			isa = PBXGroup;
			children = (
				BB2E476F298FC07B00BB219B /* FriendsViewModel.swift */,
				BB2E476D298FBC6F00BB219B /* FriendsJSONModel.swift */,
			);
			path = Model;
			sourceTree = "<group>";
		};
		BBC80D2D2916542A00B4040B /* Feed */ = {
			isa = PBXGroup;
			children = (
				BBC80D2E2916543600B4040B /* Feed.swift */,
			);
			path = Feed;
			sourceTree = "<group>";
		};
		BBDF0004291513C6002D2A69 /* Products */ = {
			isa = PBXGroup;
			children = (
				BBDF0003291513C6002D2A69 /* SuperVK.app */,
			);
			name = Products;
			sourceTree = "<group>";
		};
		BBDF0005291513C6002D2A69 /* SuperVK */ = {
			isa = PBXGroup;
			children = (
				BBDF0015291513F4002D2A69 /* Screens */,
				BBDF000A291513C7002D2A69 /* Assets.xcassets */,
				BBDF000C291513C7002D2A69 /* Preview Content */,
			);
			path = SuperVK;
			sourceTree = "<group>";
		};
		BBDF000C291513C7002D2A69 /* Preview Content */ = {
			isa = PBXGroup;
			children = (
				BBDF000D291513C7002D2A69 /* Preview Assets.xcassets */,
			);
			path = "Preview Content";
			sourceTree = "<group>";
		};
		BBDF0014291513E2002D2A69 /* Application */ = {
			isa = PBXGroup;
			children = (
				BBDF0006291513C6002D2A69 /* SuperVKApp.swift */,
			);
			path = Application;
			sourceTree = "<group>";
		};
		BBDF0015291513F4002D2A69 /* Screens */ = {
			isa = PBXGroup;
			children = (
				BB2E47522986781A00BB219B /* NavigationBar */,
				BB2E475729867AC500BB219B /* TabBar */,
				BB2E471E296AD9AB00BB219B /* MainView */,
				BBDF001629151401002D2A69 /* Login */,
				BBC80D2D2916542A00B4040B /* Feed */,
				BB2E473129729BE300BB219B /* Friends */,
				BB2E4721296ADAFD00BB219B /* Groups */,
				BB2E4724296ADB7F00BB219B /* Message */,
			);
			path = Screens;
			sourceTree = "<group>";
		};
		BBDF001629151401002D2A69 /* Login */ = {
			isa = PBXGroup;
			children = (
				BB2E472D296AFBF500BB219B /* Model */,
				BB2E472C296AFBEA00BB219B /* View */,
			);
			path = Login;
			sourceTree = "<group>";
		};
		BBDFFFFA291513C6002D2A69 = {
			isa = PBXGroup;
			children = (
				BBDF0014291513E2002D2A69 /* Application */,
				BB2E473B2972AD5E00BB219B /* Session */,
				BB2E4727296AF93E00BB219B /* Services */,
				BB2E47452973FA5D00BB219B /* Fundamental */,
				BBDF0005291513C6002D2A69 /* SuperVK */,
				BBDF0004291513C6002D2A69 /* Products */,
			);
			sourceTree = "<group>";
		};
/* End PBXGroup section */

/* Begin PBXNativeTarget section */
		BBDF0002291513C6002D2A69 /* SuperVK */ = {
			isa = PBXNativeTarget;
			buildConfigurationList = BBDF0011291513C7002D2A69 /* Build configuration list for PBXNativeTarget "SuperVK" */;
			buildPhases = (
				BBDFFFFF291513C6002D2A69 /* Sources */,
				BBDF0000291513C6002D2A69 /* Frameworks */,
				BBDF0001291513C6002D2A69 /* Resources */,
			);
			buildRules = (
			);
			dependencies = (
			);
			name = SuperVK;
			productName = SuperVK;
			productReference = BBDF0003291513C6002D2A69 /* SuperVK.app */;
			productType = "com.apple.product-type.application";
		};
/* End PBXNativeTarget section */

/* Begin PBXProject section */
		BBDFFFFB291513C6002D2A69 /* Project object */ = {
			isa = PBXProject;
			attributes = {
				BuildIndependentTargetsInParallel = 1;
				LastSwiftUpdateCheck = 1400;
				LastUpgradeCheck = 1400;
				TargetAttributes = {
					BBDF0002291513C6002D2A69 = {
						CreatedOnToolsVersion = 14.0.1;
					};
				};
			};
			buildConfigurationList = BBDFFFFE291513C6002D2A69 /* Build configuration list for PBXProject "SuperVK" */;
			compatibilityVersion = "Xcode 14.0";
			developmentRegion = en;
			hasScannedForEncodings = 0;
			knownRegions = (
				en,
				Base,
			);
			mainGroup = BBDFFFFA291513C6002D2A69;
			productRefGroup = BBDF0004291513C6002D2A69 /* Products */;
			projectDirPath = "";
			projectRoot = "";
			targets = (
				BBDF0002291513C6002D2A69 /* SuperVK */,
			);
		};
/* End PBXProject section */

/* Begin PBXResourcesBuildPhase section */
		BBDF0001291513C6002D2A69 /* Resources */ = {
			isa = PBXResourcesBuildPhase;
			buildActionMask = 2147483647;
			files = (
				BBDF000E291513C7002D2A69 /* Preview Assets.xcassets in Resources */,
				BBDF000B291513C7002D2A69 /* Assets.xcassets in Resources */,
			);
			runOnlyForDeploymentPostprocessing = 0;
		};
/* End PBXResourcesBuildPhase section */

/* Begin PBXSourcesBuildPhase section */
		BBDFFFFF291513C6002D2A69 /* Sources */ = {
			isa = PBXSourcesBuildPhase;
			buildActionMask = 2147483647;
			files = (
				BB2E473D2972AD6F00BB219B /* Session.swift in Sources */,
				BBC80D2C29156AC400B4040B /* Modifiers.swift in Sources */,
				BB2E474D297BD71100BB219B /* ListCell.swift in Sources */,
				BBC80D2F2916543600B4040B /* Feed.swift in Sources */,
				BB2E4729296AF97300BB219B /* NetworkService.swift in Sources */,
				BB2E473329729BF400BB219B /* Friends.swift in Sources */,
				BB2E473F2972B2A000BB219B /* WebViewCoordinator.swift in Sources */,
				BB2E4770298FC07B00BB219B /* FriendsViewModel.swift in Sources */,
				BBDF0009291513C6002D2A69 /* Login.swift in Sources */,
				BB2E47602986C5CC00BB219B /* GroupsJSONModel.swift in Sources */,
				BB2E472B296AFACD00BB219B /* NetworkMethods.swift in Sources */,
				BB2E476C298F971600BB219B /* GroupsDetailView.swift in Sources */,
				BB2E4730296AFC4200BB219B /* LoginModel.swift in Sources */,
				BB2E473A2972A1C400BB219B /* WebLogin.swift in Sources */,
				BB2E4720296AD9BB00BB219B /* MainView.swift in Sources */,
				BB2E475E2986C32500BB219B /* GroupsViewModel.swift in Sources */,
				BB782A5B298FE43500BC676B /* PhotoCollectionView.swift in Sources */,
				BBDF0007291513C6002D2A69 /* SuperVKApp.swift in Sources */,
				BB2E473729729E4E00BB219B /* WebView.swift in Sources */,
				BB2E47562986783A00BB219B /* NavigationBar.swift in Sources */,
				BB782A59298FCE5E00BC676B /* FriendsDetailView.swift in Sources */,
				BB2E4723296ADB0E00BB219B /* Groups.swift in Sources */,
				BB2E4726296ADB9400BB219B /* Message.swift in Sources */,
				BB2E476E298FBC6F00BB219B /* FriendsJSONModel.swift in Sources */,
				BB2E475929867AD500BB219B /* TabBar.swift in Sources */,
			);
			runOnlyForDeploymentPostprocessing = 0;
		};
/* End PBXSourcesBuildPhase section */

/* Begin XCBuildConfiguration section */
		BBDF000F291513C7002D2A69 /* Debug */ = {
			isa = XCBuildConfiguration;
			buildSettings = {
				ALWAYS_SEARCH_USER_PATHS = NO;
				CLANG_ANALYZER_NONNULL = YES;
				CLANG_ANALYZER_NUMBER_OBJECT_CONVERSION = YES_AGGRESSIVE;
				CLANG_CXX_LANGUAGE_STANDARD = "gnu++20";
				CLANG_ENABLE_MODULES = YES;
				CLANG_ENABLE_OBJC_ARC = YES;
				CLANG_ENABLE_OBJC_WEAK = YES;
				CLANG_WARN_BLOCK_CAPTURE_AUTORELEASING = YES;
				CLANG_WARN_BOOL_CONVERSION = YES;
				CLANG_WARN_COMMA = YES;
				CLANG_WARN_CONSTANT_CONVERSION = YES;
				CLANG_WARN_DEPRECATED_OBJC_IMPLEMENTATIONS = YES;
				CLANG_WARN_DIRECT_OBJC_ISA_USAGE = YES_ERROR;
				CLANG_WARN_DOCUMENTATION_COMMENTS = YES;
				CLANG_WARN_EMPTY_BODY = YES;
				CLANG_WARN_ENUM_CONVERSION = YES;
				CLANG_WARN_INFINITE_RECURSION = YES;
				CLANG_WARN_INT_CONVERSION = YES;
				CLANG_WARN_NON_LITERAL_NULL_CONVERSION = YES;
				CLANG_WARN_OBJC_IMPLICIT_RETAIN_SELF = YES;
				CLANG_WARN_OBJC_LITERAL_CONVERSION = YES;
				CLANG_WARN_OBJC_ROOT_CLASS = YES_ERROR;
				CLANG_WARN_QUOTED_INCLUDE_IN_FRAMEWORK_HEADER = YES;
				CLANG_WARN_RANGE_LOOP_ANALYSIS = YES;
				CLANG_WARN_STRICT_PROTOTYPES = YES;
				CLANG_WARN_SUSPICIOUS_MOVE = YES;
				CLANG_WARN_UNGUARDED_AVAILABILITY = YES_AGGRESSIVE;
				CLANG_WARN_UNREACHABLE_CODE = YES;
				CLANG_WARN__DUPLICATE_METHOD_MATCH = YES;
				COPY_PHASE_STRIP = NO;
				DEBUG_INFORMATION_FORMAT = dwarf;
				ENABLE_STRICT_OBJC_MSGSEND = YES;
				ENABLE_TESTABILITY = YES;
				GCC_C_LANGUAGE_STANDARD = gnu11;
				GCC_DYNAMIC_NO_PIC = NO;
				GCC_NO_COMMON_BLOCKS = YES;
				GCC_OPTIMIZATION_LEVEL = 0;
				GCC_PREPROCESSOR_DEFINITIONS = (
					"DEBUG=1",
					"$(inherited)",
				);
				GCC_WARN_64_TO_32_BIT_CONVERSION = YES;
				GCC_WARN_ABOUT_RETURN_TYPE = YES_ERROR;
				GCC_WARN_UNDECLARED_SELECTOR = YES;
				GCC_WARN_UNINITIALIZED_AUTOS = YES_AGGRESSIVE;
				GCC_WARN_UNUSED_FUNCTION = YES;
				GCC_WARN_UNUSED_VARIABLE = YES;
				IPHONEOS_DEPLOYMENT_TARGET = 16.0;
				MTL_ENABLE_DEBUG_INFO = INCLUDE_SOURCE;
				MTL_FAST_MATH = YES;
				ONLY_ACTIVE_ARCH = YES;
				SDKROOT = iphoneos;
				SWIFT_ACTIVE_COMPILATION_CONDITIONS = DEBUG;
				SWIFT_OPTIMIZATION_LEVEL = "-Onone";
			};
			name = Debug;
		};
		BBDF0010291513C7002D2A69 /* Release */ = {
			isa = XCBuildConfiguration;
			buildSettings = {
				ALWAYS_SEARCH_USER_PATHS = NO;
				CLANG_ANALYZER_NONNULL = YES;
				CLANG_ANALYZER_NUMBER_OBJECT_CONVERSION = YES_AGGRESSIVE;
				CLANG_CXX_LANGUAGE_STANDARD = "gnu++20";
				CLANG_ENABLE_MODULES = YES;
				CLANG_ENABLE_OBJC_ARC = YES;
				CLANG_ENABLE_OBJC_WEAK = YES;
				CLANG_WARN_BLOCK_CAPTURE_AUTORELEASING = YES;
				CLANG_WARN_BOOL_CONVERSION = YES;
				CLANG_WARN_COMMA = YES;
				CLANG_WARN_CONSTANT_CONVERSION = YES;
				CLANG_WARN_DEPRECATED_OBJC_IMPLEMENTATIONS = YES;
				CLANG_WARN_DIRECT_OBJC_ISA_USAGE = YES_ERROR;
				CLANG_WARN_DOCUMENTATION_COMMENTS = YES;
				CLANG_WARN_EMPTY_BODY = YES;
				CLANG_WARN_ENUM_CONVERSION = YES;
				CLANG_WARN_INFINITE_RECURSION = YES;
				CLANG_WARN_INT_CONVERSION = YES;
				CLANG_WARN_NON_LITERAL_NULL_CONVERSION = YES;
				CLANG_WARN_OBJC_IMPLICIT_RETAIN_SELF = YES;
				CLANG_WARN_OBJC_LITERAL_CONVERSION = YES;
				CLANG_WARN_OBJC_ROOT_CLASS = YES_ERROR;
				CLANG_WARN_QUOTED_INCLUDE_IN_FRAMEWORK_HEADER = YES;
				CLANG_WARN_RANGE_LOOP_ANALYSIS = YES;
				CLANG_WARN_STRICT_PROTOTYPES = YES;
				CLANG_WARN_SUSPICIOUS_MOVE = YES;
				CLANG_WARN_UNGUARDED_AVAILABILITY = YES_AGGRESSIVE;
				CLANG_WARN_UNREACHABLE_CODE = YES;
				CLANG_WARN__DUPLICATE_METHOD_MATCH = YES;
				COPY_PHASE_STRIP = NO;
				DEBUG_INFORMATION_FORMAT = "dwarf-with-dsym";
				ENABLE_NS_ASSERTIONS = NO;
				ENABLE_STRICT_OBJC_MSGSEND = YES;
				GCC_C_LANGUAGE_STANDARD = gnu11;
				GCC_NO_COMMON_BLOCKS = YES;
				GCC_WARN_64_TO_32_BIT_CONVERSION = YES;
				GCC_WARN_ABOUT_RETURN_TYPE = YES_ERROR;
				GCC_WARN_UNDECLARED_SELECTOR = YES;
				GCC_WARN_UNINITIALIZED_AUTOS = YES_AGGRESSIVE;
				GCC_WARN_UNUSED_FUNCTION = YES;
				GCC_WARN_UNUSED_VARIABLE = YES;
				IPHONEOS_DEPLOYMENT_TARGET = 16.0;
				MTL_ENABLE_DEBUG_INFO = NO;
				MTL_FAST_MATH = YES;
				SDKROOT = iphoneos;
				SWIFT_COMPILATION_MODE = wholemodule;
				SWIFT_OPTIMIZATION_LEVEL = "-O";
				VALIDATE_PRODUCT = YES;
			};
			name = Release;
		};
		BBDF0012291513C7002D2A69 /* Debug */ = {
			isa = XCBuildConfiguration;
			buildSettings = {
				ASSETCATALOG_COMPILER_APPICON_NAME = AppIcon;
				ASSETCATALOG_COMPILER_GLOBAL_ACCENT_COLOR_NAME = AccentColor;
				CODE_SIGN_STYLE = Automatic;
				CURRENT_PROJECT_VERSION = 1;
				DEVELOPMENT_ASSET_PATHS = "\"SuperVK/Preview Content\"";
				DEVELOPMENT_TEAM = 3HD2DR99MJ;
				ENABLE_PREVIEWS = YES;
				GENERATE_INFOPLIST_FILE = YES;
				INFOPLIST_KEY_CFBundleDisplayName = SuperVK;
				INFOPLIST_KEY_LSApplicationCategoryType = "public.app-category.social-networking";
				INFOPLIST_KEY_UIApplicationSceneManifest_Generation = YES;
				INFOPLIST_KEY_UIApplicationSupportsIndirectInputEvents = YES;
				INFOPLIST_KEY_UILaunchScreen_Generation = YES;
				INFOPLIST_KEY_UISupportedInterfaceOrientations_iPad = "UIInterfaceOrientationPortrait UIInterfaceOrientationPortraitUpsideDown UIInterfaceOrientationLandscapeLeft UIInterfaceOrientationLandscapeRight";
				INFOPLIST_KEY_UISupportedInterfaceOrientations_iPhone = "UIInterfaceOrientationPortrait UIInterfaceOrientationLandscapeLeft UIInterfaceOrientationLandscapeRight";
				LD_RUNPATH_SEARCH_PATHS = (
					"$(inherited)",
					"@executable_path/Frameworks",
				);
				MARKETING_VERSION = 1.0;
				PRODUCT_BUNDLE_IDENTIFIER = firstConsole.SuperVK;
				PRODUCT_NAME = "$(TARGET_NAME)";
				SUPPORTED_PLATFORMS = "iphoneos iphonesimulator";
				SUPPORTS_MACCATALYST = NO;
				SUPPORTS_MAC_DESIGNED_FOR_IPHONE_IPAD = NO;
				SWIFT_EMIT_LOC_STRINGS = YES;
				SWIFT_VERSION = 5.0;
				TARGETED_DEVICE_FAMILY = 1;
			};
			name = Debug;
		};
		BBDF0013291513C7002D2A69 /* Release */ = {
			isa = XCBuildConfiguration;
			buildSettings = {
				ASSETCATALOG_COMPILER_APPICON_NAME = AppIcon;
				ASSETCATALOG_COMPILER_GLOBAL_ACCENT_COLOR_NAME = AccentColor;
				CODE_SIGN_STYLE = Automatic;
				CURRENT_PROJECT_VERSION = 1;
				DEVELOPMENT_ASSET_PATHS = "\"SuperVK/Preview Content\"";
				DEVELOPMENT_TEAM = 3HD2DR99MJ;
				ENABLE_PREVIEWS = YES;
				GENERATE_INFOPLIST_FILE = YES;
				INFOPLIST_KEY_CFBundleDisplayName = SuperVK;
				INFOPLIST_KEY_LSApplicationCategoryType = "public.app-category.social-networking";
				INFOPLIST_KEY_UIApplicationSceneManifest_Generation = YES;
				INFOPLIST_KEY_UIApplicationSupportsIndirectInputEvents = YES;
				INFOPLIST_KEY_UILaunchScreen_Generation = YES;
				INFOPLIST_KEY_UISupportedInterfaceOrientations_iPad = "UIInterfaceOrientationPortrait UIInterfaceOrientationPortraitUpsideDown UIInterfaceOrientationLandscapeLeft UIInterfaceOrientationLandscapeRight";
				INFOPLIST_KEY_UISupportedInterfaceOrientations_iPhone = "UIInterfaceOrientationPortrait UIInterfaceOrientationLandscapeLeft UIInterfaceOrientationLandscapeRight";
				LD_RUNPATH_SEARCH_PATHS = (
					"$(inherited)",
					"@executable_path/Frameworks",
				);
				MARKETING_VERSION = 1.0;
				PRODUCT_BUNDLE_IDENTIFIER = firstConsole.SuperVK;
				PRODUCT_NAME = "$(TARGET_NAME)";
				SUPPORTED_PLATFORMS = "iphoneos iphonesimulator";
				SUPPORTS_MACCATALYST = NO;
				SUPPORTS_MAC_DESIGNED_FOR_IPHONE_IPAD = NO;
				SWIFT_EMIT_LOC_STRINGS = YES;
				SWIFT_VERSION = 5.0;
				TARGETED_DEVICE_FAMILY = 1;
			};
			name = Release;
		};
/* End XCBuildConfiguration section */

/* Begin XCConfigurationList section */
		BBDF0011291513C7002D2A69 /* Build configuration list for PBXNativeTarget "SuperVK" */ = {
			isa = XCConfigurationList;
			buildConfigurations = (
				BBDF0012291513C7002D2A69 /* Debug */,
				BBDF0013291513C7002D2A69 /* Release */,
			);
			defaultConfigurationIsVisible = 0;
			defaultConfigurationName = Release;
		};
		BBDFFFFE291513C6002D2A69 /* Build configuration list for PBXProject "SuperVK" */ = {
			isa = XCConfigurationList;
			buildConfigurations = (
				BBDF000F291513C7002D2A69 /* Debug */,
				BBDF0010291513C7002D2A69 /* Release */,
			);
			defaultConfigurationIsVisible = 0;
			defaultConfigurationName = Release;
		};
/* End XCConfigurationList section */
	};
	rootObject = BBDFFFFB291513C6002D2A69 /* Project object */;
}
